
Microsoft Visual Studio Solution File, Format Version 12.00
# Visual Studio Version 17
VisualStudioVersion = 17.4.33213.308
MinimumVisualStudioVersion = 10.0.40219.1
Project("{FAE04EC0-301F-11D3-BF4B-00C04F79EFBC}") = "AMM_LAB10_TINOCO.Android", "AMM_LAB10_TINOCO\AMM_LAB10_TINOCO.Android\AMM_LAB10_TINOCO.Android.csproj", "{E7E827C1-9F64-4DE7-820A-581F061A2879}"
EndProject
Project("{FAE04EC0-301F-11D3-BF4B-00C04F79EFBC}") = "AMM_LAB10_TINOCO.iOS", "AMM_LAB10_TINOCO\AMM_LAB10_TINOCO.iOS\AMM_LAB10_TINOCO.iOS.csproj", "{334F9131-3A8C-498F-A197-7A14D9A2BC7D}"
EndProject
Project("{FAE04EC0-301F-11D3-BF4B-00C04F79EFBC}") = "AMM_LAB10_TINOCO", "AMM_LAB10_TINOCO\AMM_LAB10_TINOCO\AMM_LAB10_TINOCO.csproj", "{E07B7A2B-FA54-4E92-AC1C-B6868F32A09F}"
EndProject
Global
	GlobalSection(SolutionConfigurationPlatforms) = preSolution
		Debug|Any CPU = Debug|Any CPU
		Debug|iPhone = Debug|iPhone
		Debug|iPhoneSimulator = Debug|iPhoneSimulator
		Release|Any CPU = Release|Any CPU
		Release|iPhone = Release|iPhone
		Release|iPhoneSimulator = Release|iPhoneSimulator
	EndGlobalSection
	GlobalSection(ProjectConfigurationPlatforms) = postSolution
		{E7E827C1-9F64-4DE7-820A-581F061A2879}.Debug|Any CPU.ActiveCfg = Debug|Any CPU
		{E7E827C1-9F64-4DE7-820A-581F061A2879}.Debug|Any CPU.Build.0 = Debug|Any CPU
		{E7E827C1-9F64-4DE7-820A-581F061A2879}.Debug|Any CPU.Deploy.0 = Debug|Any CPU
		{E7E827C1-9F64-4DE7-820A-581F061A2879}.Debug|iPhone.ActiveCfg = Debug|Any CPU
		{E7E827C1-9F64-4DE7-820A-581F061A2879}.Debug|iPhone.Build.0 = Debug|Any CPU
		{E7E827C1-9F64-4DE7-820A-581F061A2879}.Debug|iPhone.Deploy.0 = Debug|Any CPU
		{E7E827C1-9F64-4DE7-820A-581F061A2879}.Debug|iPhoneSimulator.ActiveCfg = Debug|Any CPU
		{E7E827C1-9F64-4DE7-820A-581F061A2879}.Debug|iPhoneSimulator.Build.0 = Debug|Any CPU
		{E7E827C1-9F64-4DE7-820A-581F061A2879}.Debug|iPhoneSimulator.Deploy.0 = Debug|Any CPU
		{E7E827C1-9F64-4DE7-820A-581F061A2879}.Release|Any CPU.ActiveCfg = Release|Any CPU
		{E7E827C1-9F64-4DE7-820A-581F061A2879}.Release|Any CPU.Build.0 = Release|Any CPU
		{E7E827C1-9F64-4DE7-820A-581F061A2879}.Release|Any CPU.Deploy.0 = Release|Any CPU
		{E7E827C1-9F64-4DE7-820A-581F061A2879}.Release|iPhone.ActiveCfg = Release|Any CPU
		{E7E827C1-9F64-4DE7-820A-581F061A2879}.Release|iPhone.Build.0 = Release|Any CPU
		{E7E827C1-9F64-4DE7-820A-581F061A2879}.Release|iPhone.Deploy.0 = Release|Any CPU
		{E7E827C1-9F64-4DE7-820A-581F061A2879}.Release|iPhoneSimulator.ActiveCfg = Release|Any CPU
		{E7E827C1-9F64-4DE7-820A-581F061A2879}.Release|iPhoneSimulator.Build.0 = Release|Any CPU
		{E7E827C1-9F64-4DE7-820A-581F061A2879}.Release|iPhoneSimulator.Deploy.0 = Release|Any CPU
		{334F9131-3A8C-498F-A197-7A14D9A2BC7D}.Debug|Any CPU.ActiveCfg = Debug|iPhone
		{334F9131-3A8C-498F-A197-7A14D9A2BC7D}.Debug|Any CPU.Build.0 = Debug|iPhone
		{334F9131-3A8C-498F-A197-7A14D9A2BC7D}.Debug|Any CPU.Deploy.0 = Debug|iPhone
		{334F9131-3A8C-498F-A197-7A14D9A2BC7D}.Debug|iPhone.ActiveCfg = Debug|iPhone
		{334F9131-3A8C-498F-A197-7A14D9A2BC7D}.Debug|iPhone.Build.0 = Debug|iPhone
		{334F9131-3A8C-498F-A197-7A14D9A2BC7D}.Debug|iPhone.Deploy.0 = Debug|iPhone
		{334F9131-3A8C-498F-A197-7A14D9A2BC7D}.Debug|iPhoneSimulator.ActiveCfg = Debug|iPhoneSimulator
		{334F9131-3A8C-498F-A197-7A14D9A2BC7D}.Debug|iPhoneSimulator.Build.0 = Debug|iPhoneSimulator
		{334F9131-3A8C-498F-A197-7A14D9A2BC7D}.Debug|iPhoneSimulator.Deploy.0 = Debug|iPhoneSimulator
		{334F9131-3A8C-498F-A197-7A14D9A2BC7D}.Release|Any CPU.ActiveCfg = Release|iPhoneSimulator
		{334F9131-3A8C-498F-A197-7A14D9A2BC7D}.Release|Any CPU.Build.0 = Release|iPhoneSimulator
		{334F9131-3A8C-498F-A197-7A14D9A2BC7D}.Release|Any CPU.Deploy.0 = Release|iPhoneSimulator
		{334F9131-3A8C-498F-A197-7A14D9A2BC7D}.Release|iPhone.ActiveCfg = Release|iPhone
		{334F9131-3A8C-498F-A197-7A14D9A2BC7D}.Release|iPhone.Build.0 = Release|iPhone
		{334F9131-3A8C-498F-A197-7A14D9A2BC7D}.Release|iPhone.Deploy.0 = Release|iPhone
		{334F9131-3A8C-498F-A197-7A14D9A2BC7D}.Release|iPhoneSimulator.ActiveCfg = Release|iPhoneSimulator
		{334F9131-3A8C-498F-A197-7A14D9A2BC7D}.Release|iPhoneSimulator.Build.0 = Release|iPhoneSimulator
		{334F9131-3A8C-498F-A197-7A14D9A2BC7D}.Release|iPhoneSimulator.Deploy.0 = Release|iPhoneSimulator
		{E07B7A2B-FA54-4E92-AC1C-B6868F32A09F}.Debug|Any CPU.ActiveCfg = Debug|Any CPU
		{E07B7A2B-FA54-4E92-AC1C-B6868F32A09F}.Debug|Any CPU.Build.0 = Debug|Any CPU
		{E07B7A2B-FA54-4E92-AC1C-B6868F32A09F}.Debug|Any CPU.Deploy.0 = Debug|Any CPU
		{E07B7A2B-FA54-4E92-AC1C-B6868F32A09F}.Debug|iPhone.ActiveCfg = Debug|Any CPU
		{E07B7A2B-FA54-4E92-AC1C-B6868F32A09F}.Debug|iPhone.Build.0 = Debug|Any CPU
		{E07B7A2B-FA54-4E92-AC1C-B6868F32A09F}.Debug|iPhone.Deploy.0 = Debug|Any CPU
		{E07B7A2B-FA54-4E92-AC1C-B6868F32A09F}.Debug|iPhoneSimulator.ActiveCfg = Debug|Any CPU
		{E07B7A2B-FA54-4E92-AC1C-B6868F32A09F}.Debug|iPhoneSimulator.Build.0 = Debug|Any CPU
		{E07B7A2B-FA54-4E92-AC1C-B6868F32A09F}.Debug|iPhoneSimulator.Deploy.0 = Debug|Any CPU
		{E07B7A2B-FA54-4E92-AC1C-B6868F32A09F}.Release|Any CPU.ActiveCfg = Release|Any CPU
		{E07B7A2B-FA54-4E92-AC1C-B6868F32A09F}.Release|Any CPU.Build.0 = Release|Any CPU
		{E07B7A2B-FA54-4E92-AC1C-B6868F32A09F}.Release|Any CPU.Deploy.0 = Release|Any CPU
		{E07B7A2B-FA54-4E92-AC1C-B6868F32A09F}.Release|iPhone.ActiveCfg = Release|Any CPU
		{E07B7A2B-FA54-4E92-AC1C-B6868F32A09F}.Release|iPhone.Build.0 = Release|Any CPU
		{E07B7A2B-FA54-4E92-AC1C-B6868F32A09F}.Release|iPhone.Deploy.0 = Release|Any CPU
		{E07B7A2B-FA54-4E92-AC1C-B6868F32A09F}.Release|iPhoneSimulator.ActiveCfg = Release|Any CPU
		{E07B7A2B-FA54-4E92-AC1C-B6868F32A09F}.Release|iPhoneSimulator.Build.0 = Release|Any CPU
		{E07B7A2B-FA54-4E92-AC1C-B6868F32A09F}.Release|iPhoneSimulator.Deploy.0 = Release|Any CPU
	EndGlobalSection
	GlobalSection(SolutionProperties) = preSolution
		HideSolutionNode = FALSE
	EndGlobalSection
	GlobalSection(ExtensibilityGlobals) = postSolution
		SolutionGuid = {A68E5617-1A9B-445E-B49D-CFA52AA82AE1}
	EndGlobalSection
EndGlobal
